// !$*UTF8*$!
{
	archiveVersion = 1;
	classes = {
	};
	objectVersion = 55;
	objects = {

/* Begin PBXBuildFile section */
		4951308328D06250005346D4 /* DataManager.swift in Sources */ = {isa = PBXBuildFile; fileRef = 4951308228D06250005346D4 /* DataManager.swift */; };
		4951308528D06A0C005346D4 /* DetailViewController.swift in Sources */ = {isa = PBXBuildFile; fileRef = 4951308428D06A0C005346D4 /* DetailViewController.swift */; };
		495218AF28D049CB003B3ECF /* AppDelegate.swift in Sources */ = {isa = PBXBuildFile; fileRef = 495218AE28D049CB003B3ECF /* AppDelegate.swift */; };
		495218B128D049CB003B3ECF /* SceneDelegate.swift in Sources */ = {isa = PBXBuildFile; fileRef = 495218B028D049CB003B3ECF /* SceneDelegate.swift */; };
		495218B328D049CB003B3ECF /* ViewController.swift in Sources */ = {isa = PBXBuildFile; fileRef = 495218B228D049CB003B3ECF /* ViewController.swift */; };
		495218B628D049CB003B3ECF /* Main.storyboard in Resources */ = {isa = PBXBuildFile; fileRef = 495218B428D049CB003B3ECF /* Main.storyboard */; };
		495218B828D049CC003B3ECF /* Assets.xcassets in Resources */ = {isa = PBXBuildFile; fileRef = 495218B728D049CC003B3ECF /* Assets.xcassets */; };
		495218BB28D049CC003B3ECF /* LaunchScreen.storyboard in Resources */ = {isa = PBXBuildFile; fileRef = 495218B928D049CC003B3ECF /* LaunchScreen.storyboard */; };
		495218C328D04F0C003B3ECF /* MovieCell.swift in Sources */ = {isa = PBXBuildFile; fileRef = 495218C228D04F0C003B3ECF /* MovieCell.swift */; };
		495218C828D05450003B3ECF /* Movie.swift in Sources */ = {isa = PBXBuildFile; fileRef = 495218C728D05450003B3ECF /* Movie.swift */; };
/* End PBXBuildFile section */

/* Begin PBXFileReference section */
		4951308228D06250005346D4 /* DataManager.swift */ = {isa = PBXFileReference; lastKnownFileType = sourcecode.swift; path = DataManager.swift; sourceTree = "<group>"; };
		4951308428D06A0C005346D4 /* DetailViewController.swift */ = {isa = PBXFileReference; lastKnownFileType = sourcecode.swift; path = DetailViewController.swift; sourceTree = "<group>"; };
		495218AB28D049CB003B3ECF /* table-view.app */ = {isa = PBXFileReference; explicitFileType = wrapper.application; includeInIndex = 0; path = "table-view.app"; sourceTree = BUILT_PRODUCTS_DIR; };
		495218AE28D049CB003B3ECF /* AppDelegate.swift */ = {isa = PBXFileReference; lastKnownFileType = sourcecode.swift; path = AppDelegate.swift; sourceTree = "<group>"; };
		495218B028D049CB003B3ECF /* SceneDelegate.swift */ = {isa = PBXFileReference; lastKnownFileType = sourcecode.swift; path = SceneDelegate.swift; sourceTree = "<group>"; };
		495218B228D049CB003B3ECF /* ViewController.swift */ = {isa = PBXFileReference; lastKnownFileType = sourcecode.swift; path = ViewController.swift; sourceTree = "<group>"; };
		495218B528D049CB003B3ECF /* Base */ = {isa = PBXFileReference; lastKnownFileType = file.storyboard; name = Base; path = Base.lproj/Main.storyboard; sourceTree = "<group>"; };
		495218B728D049CC003B3ECF /* Assets.xcassets */ = {isa = PBXFileReference; lastKnownFileType = folder.assetcatalog; path = Assets.xcassets; sourceTree = "<group>"; };
		495218BA28D049CC003B3ECF /* Base */ = {isa = PBXFileReference; lastKnownFileType = file.storyboard; name = Base; path = Base.lproj/LaunchScreen.storyboard; sourceTree = "<group>"; };
		495218BC28D049CC003B3ECF /* Info.plist */ = {isa = PBXFileReference; lastKnownFileType = text.plist.xml; path = Info.plist; sourceTree = "<group>"; };
		495218C228D04F0C003B3ECF /* MovieCell.swift */ = {isa = PBXFileReference; lastKnownFileType = sourcecode.swift; path = MovieCell.swift; sourceTree = "<group>"; };
		495218C728D05450003B3ECF /* Movie.swift */ = {isa = PBXFileReference; lastKnownFileType = sourcecode.swift; path = Movie.swift; sourceTree = "<group>"; };
/* End PBXFileReference section */

/* Begin PBXFrameworksBuildPhase section */
		495218A828D049CB003B3ECF /* Frameworks */ = {
			isa = PBXFrameworksBuildPhase;
			buildActionMask = 2147483647;
			files = (
			);
			runOnlyForDeploymentPostprocessing = 0;
		};
/* End PBXFrameworksBuildPhase section */

/* Begin PBXGroup section */
		495218A228D049CB003B3ECF = {
			isa = PBXGroup;
			children = (
				495218AD28D049CB003B3ECF /* table-view */,
				495218AC28D049CB003B3ECF /* Products */,
			);
			sourceTree = "<group>";
		};
		495218AC28D049CB003B3ECF /* Products */ = {
			isa = PBXGroup;
			children = (
				495218AB28D049CB003B3ECF /* table-view.app */,
			);
			name = Products;
			sourceTree = "<group>";
		};
		495218AD28D049CB003B3ECF /* table-view */ = {
			isa = PBXGroup;
			children = (
				495218AE28D049CB003B3ECF /* AppDelegate.swift */,
				495218B028D049CB003B3ECF /* SceneDelegate.swift */,
				495218C628D053F8003B3ECF /* Models */,
				495218C528D053F4003B3ECF /* Views */,
				495218C428D053ED003B3ECF /* Controllers */,
				495218B728D049CC003B3ECF /* Assets.xcassets */,
				495218B928D049CC003B3ECF /* LaunchScreen.storyboard */,
				495218BC28D049CC003B3ECF /* Info.plist */,
			);
			path = "table-view";
			sourceTree = "<group>";
		};
		495218C428D053ED003B3ECF /* Controllers */ = {
			isa = PBXGroup;
			children = (
				495218B228D049CB003B3ECF /* ViewController.swift */,
				4951308428D06A0C005346D4 /* DetailViewController.swift */,
			);
			path = Controllers;
			sourceTree = "<group>";
		};
		495218C528D053F4003B3ECF /* Views */ = {
			isa = PBXGroup;
			children = (
				495218C228D04F0C003B3ECF /* MovieCell.swift */,
				495218B428D049CB003B3ECF /* Main.storyboard */,
			);
			path = Views;
			sourceTree = "<group>";
		};
		495218C628D053F8003B3ECF /* Models */ = {
			isa = PBXGroup;
			children = (
				495218C728D05450003B3ECF /* Movie.swift */,
				4951308228D06250005346D4 /* DataManager.swift */,
			);
			path = Models;
			sourceTree = "<group>";
		};
/* End PBXGroup section */

/* Begin PBXNativeTarget section */
		495218AA28D049CB003B3ECF /* table-view */ = {
			isa = PBXNativeTarget;
			buildConfigurationList = 495218BF28D049CC003B3ECF /* Build configuration list for PBXNativeTarget "table-view" */;
			buildPhases = (
				495218A728D049CB003B3ECF /* Sources */,
				495218A828D049CB003B3ECF /* Frameworks */,
				495218A928D049CB003B3ECF /* Resources */,
			);
			buildRules = (
			);
			dependencies = (
			);
			name = "table-view";
			productName = "table-view";
			productReference = 495218AB28D049CB003B3ECF /* table-view.app */;
			productType = "com.apple.product-type.application";
		};
/* End PBXNativeTarget section */

/* Begin PBXProject section */
		495218A328D049CB003B3ECF /* Project object */ = {
			isa = PBXProject;
			attributes = {
				BuildIndependentTargetsInParallel = 1;
				LastSwiftUpdateCheck = 1340;
				LastUpgradeCheck = 1340;
				TargetAttributes = {
					495218AA28D049CB003B3ECF = {
						CreatedOnToolsVersion = 13.4.1;
					};
				};
			};
			buildConfigurationList = 495218A628D049CB003B3ECF /* Build configuration list for PBXProject "table-view" */;
			compatibilityVersion = "Xcode 13.0";
			developmentRegion = en;
			hasScannedForEncodings = 0;
			knownRegions = (
				en,
				Base,
			);
			mainGroup = 495218A228D049CB003B3ECF;
			productRefGroup = 495218AC28D049CB003B3ECF /* Products */;
			projectDirPath = "";
			projectRoot = "";
			targets = (
				495218AA28D049CB003B3ECF /* table-view */,
			);
		};
/* End PBXProject section */

/* Begin PBXResourcesBuildPhase section */
		495218A928D049CB003B3ECF /* Resources */ = {
			isa = PBXResourcesBuildPhase;
			buildActionMask = 2147483647;
			files = (
				495218BB28D049CC003B3ECF /* LaunchScreen.storyboard in Resources */,
				495218B828D049CC003B3ECF /* Assets.xcassets in Resources */,
				495218B628D049CB003B3ECF /* Main.storyboard in Resources */,
			);
			runOnlyForDeploymentPostprocessing = 0;
		};
/* End PBXResourcesBuildPhase section */

/* Begin PBXSourcesBuildPhase section */
		495218A728D049CB003B3ECF /* Sources */ = {
			isa = PBXSourcesBuildPhase;
			buildActionMask = 2147483647;
			files = (
				495218B328D049CB003B3ECF /* ViewController.swift in Sources */,
				4951308328D06250005346D4 /* DataManager.swift in Sources */,
				495218AF28D049CB003B3ECF /* AppDelegate.swift in Sources */,
				495218C328D04F0C003B3ECF /* MovieCell.swift in Sources */,
				495218B128D049CB003B3ECF /* SceneDelegate.swift in Sources */,
				495218C828D05450003B3ECF /* Movie.swift in Sources */,
				4951308528D06A0C005346D4 /* DetailViewController.swift in Sources */,
			);
			runOnlyForDeploymentPostprocessing = 0;
		};
/* End PBXSourcesBuildPhase section */

/* Begin PBXVariantGroup section */
		495218B428D049CB003B3ECF /* Main.storyboard */ = {
			isa = PBXVariantGroup;
			children = (
				495218B528D049CB003B3ECF /* Base */,
			);
			name = Main.storyboard;
			sourceTree = "<group>";
		};
		495218B928D049CC003B3ECF /* LaunchScreen.storyboard */ = {
			isa = PBXVariantGroup;
			children = (
				495218BA28D049CC003B3ECF /* Base */,
			);
			name = LaunchScreen.storyboard;
			sourceTree = "<group>";
		};
/* End PBXVariantGroup section */

/* Begin XCBuildConfiguration section */
		495218BD28D049CC003B3ECF /* Debug */ = {
			isa = XCBuildConfiguration;
			buildSettings = {
				ALWAYS_SEARCH_USER_PATHS = NO;
				CLANG_ANALYZER_NONNULL = YES;
				CLANG_ANALYZER_NUMBER_OBJECT_CONVERSION = YES_AGGRESSIVE;
				CLANG_CXX_LANGUAGE_STANDARD = "gnu++17";
				CLANG_ENABLE_MODULES = YES;
				CLANG_ENABLE_OBJC_ARC = YES;
				CLANG_ENABLE_OBJC_WEAK = YES;
				CLANG_WARN_BLOCK_CAPTURE_AUTORELEASING = YES;
				CLANG_WARN_BOOL_CONVERSION = YES;
				CLANG_WARN_COMMA = YES;
				CLANG_WARN_CONSTANT_CONVERSION = YES;
				CLANG_WARN_DEPRECATED_OBJC_IMPLEMENTATIONS = YES;
				CLANG_WARN_DIRECT_OBJC_ISA_USAGE = YES_ERROR;
				CLANG_WARN_DOCUMENTATION_COMMENTS = YES;
				CLANG_WARN_EMPTY_BODY = YES;
				CLANG_WARN_ENUM_CONVERSION = YES;
				CLANG_WARN_INFINITE_RECURSION = YES;
				CLANG_WARN_INT_CONVERSION = YES;
				CLANG_WARN_NON_LITERAL_NULL_CONVERSION = YES;
				CLANG_WARN_OBJC_IMPLICIT_RETAIN_SELF = YES;
				CLANG_WARN_OBJC_LITERAL_CONVERSION = YES;
				CLANG_WARN_OBJC_ROOT_CLASS = YES_ERROR;
				CLANG_WARN_QUOTED_INCLUDE_IN_FRAMEWORK_HEADER = YES;
				CLANG_WARN_RANGE_LOOP_ANALYSIS = YES;
				CLANG_WARN_STRICT_PROTOTYPES = YES;
				CLANG_WARN_SUSPICIOUS_MOVE = YES;
				CLANG_WARN_UNGUARDED_AVAILABILITY = YES_AGGRESSIVE;
				CLANG_WARN_UNREACHABLE_CODE = YES;
				CLANG_WARN__DUPLICATE_METHOD_MATCH = YES;
				COPY_PHASE_STRIP = NO;
				DEBUG_INFORMATION_FORMAT = dwarf;
				ENABLE_STRICT_OBJC_MSGSEND = YES;
				ENABLE_TESTABILITY = YES;
				GCC_C_LANGUAGE_STANDARD = gnu11;
				GCC_DYNAMIC_NO_PIC = NO;
				GCC_NO_COMMON_BLOCKS = YES;
				GCC_OPTIMIZATION_LEVEL = 0;
				GCC_PREPROCESSOR_DEFINITIONS = (
					"DEBUG=1",
					"$(inherited)",
				);
				GCC_WARN_64_TO_32_BIT_CONVERSION = YES;
				GCC_WARN_ABOUT_RETURN_TYPE = YES_ERROR;
				GCC_WARN_UNDECLARED_SELECTOR = YES;
				GCC_WARN_UNINITIALIZED_AUTOS = YES_AGGRESSIVE;
				GCC_WARN_UNUSED_FUNCTION = YES;
				GCC_WARN_UNUSED_VARIABLE = YES;
				IPHONEOS_DEPLOYMENT_TARGET = 15.5;
				MTL_ENABLE_DEBUG_INFO = INCLUDE_SOURCE;
				MTL_FAST_MATH = YES;
				ONLY_ACTIVE_ARCH = YES;
				SDKROOT = iphoneos;
				SWIFT_ACTIVE_COMPILATION_CONDITIONS = DEBUG;
				SWIFT_OPTIMIZATION_LEVEL = "-Onone";
			};
			name = Debug;
		};
		495218BE28D049CC003B3ECF /* Release */ = {
			isa = XCBuildConfiguration;
			buildSettings = {
				ALWAYS_SEARCH_USER_PATHS = NO;
				CLANG_ANALYZER_NONNULL = YES;
				CLANG_ANALYZER_NUMBER_OBJECT_CONVERSION = YES_AGGRESSIVE;
				CLANG_CXX_LANGUAGE_STANDARD = "gnu++17";
				CLANG_ENABLE_MODULES = YES;
				CLANG_ENABLE_OBJC_ARC = YES;
				CLANG_ENABLE_OBJC_WEAK = YES;
				CLANG_WARN_BLOCK_CAPTURE_AUTORELEASING = YES;
				CLANG_WARN_BOOL_CONVERSION = YES;
				CLANG_WARN_COMMA = YES;
				CLANG_WARN_CONSTANT_CONVERSION = YES;
				CLANG_WARN_DEPRECATED_OBJC_IMPLEMENTATIONS = YES;
				CLANG_WARN_DIRECT_OBJC_ISA_USAGE = YES_ERROR;
				CLANG_WARN_DOCUMENTATION_COMMENTS = YES;
				CLANG_WARN_EMPTY_BODY = YES;
				CLANG_WARN_ENUM_CONVERSION = YES;
				CLANG_WARN_INFINITE_RECURSION = YES;
				CLANG_WARN_INT_CONVERSION = YES;
				CLANG_WARN_NON_LITERAL_NULL_CONVERSION = YES;
				CLANG_WARN_OBJC_IMPLICIT_RETAIN_SELF = YES;
				CLANG_WARN_OBJC_LITERAL_CONVERSION = YES;
				CLANG_WARN_OBJC_ROOT_CLASS = YES_ERROR;
				CLANG_WARN_QUOTED_INCLUDE_IN_FRAMEWORK_HEADER = YES;
				CLANG_WARN_RANGE_LOOP_ANALYSIS = YES;
				CLANG_WARN_STRICT_PROTOTYPES = YES;
				CLANG_WARN_SUSPICIOUS_MOVE = YES;
				CLANG_WARN_UNGUARDED_AVAILABILITY = YES_AGGRESSIVE;
				CLANG_WARN_UNREACHABLE_CODE = YES;
				CLANG_WARN__DUPLICATE_METHOD_MATCH = YES;
				COPY_PHASE_STRIP = NO;
				DEBUG_INFORMATION_FORMAT = "dwarf-with-dsym";
				ENABLE_NS_ASSERTIONS = NO;
				ENABLE_STRICT_OBJC_MSGSEND = YES;
				GCC_C_LANGUAGE_STANDARD = gnu11;
				GCC_NO_COMMON_BLOCKS = YES;
				GCC_WARN_64_TO_32_BIT_CONVERSION = YES;
				GCC_WARN_ABOUT_RETURN_TYPE = YES_ERROR;
				GCC_WARN_UNDECLARED_SELECTOR = YES;
				GCC_WARN_UNINITIALIZED_AUTOS = YES_AGGRESSIVE;
				GCC_WARN_UNUSED_FUNCTION = YES;
				GCC_WARN_UNUSED_VARIABLE = YES;
				IPHONEOS_DEPLOYMENT_TARGET = 15.5;
				MTL_ENABLE_DEBUG_INFO = NO;
				MTL_FAST_MATH = YES;
				SDKROOT = iphoneos;
				SWIFT_COMPILATION_MODE = wholemodule;
				SWIFT_OPTIMIZATION_LEVEL = "-O";
				VALIDATE_PRODUCT = YES;
			};
			name = Release;
		};
		495218C028D049CC003B3ECF /* Debug */ = {
			isa = XCBuildConfiguration;
			buildSettings = {
				ASSETCATALOG_COMPILER_APPICON_NAME = AppIcon;
				ASSETCATALOG_COMPILER_GLOBAL_ACCENT_COLOR_NAME = AccentColor;
				CODE_SIGN_STYLE = Automatic;
				CURRENT_PROJECT_VERSION = 1;
				DEVELOPMENT_TEAM = X726R6A26M;
				GENERATE_INFOPLIST_FILE = YES;
				INFOPLIST_FILE = "table-view/Info.plist";
				INFOPLIST_KEY_UIApplicationSupportsIndirectInputEvents = YES;
				INFOPLIST_KEY_UILaunchStoryboardName = LaunchScreen;
				INFOPLIST_KEY_UIMainStoryboardFile = Main;
				INFOPLIST_KEY_UISupportedInterfaceOrientations_iPad = "UIInterfaceOrientationPortrait UIInterfaceOrientationPortraitUpsideDown UIInterfaceOrientationLandscapeLeft UIInterfaceOrientationLandscapeRight";
				INFOPLIST_KEY_UISupportedInterfaceOrientations_iPhone = "UIInterfaceOrientationPortrait UIInterfaceOrientationLandscapeLeft UIInterfaceOrientationLandscapeRight";
				IPHONEOS_DEPLOYMENT_TARGET = 13.0;
				LD_RUNPATH_SEARCH_PATHS = (
					"$(inherited)",
					"@executable_path/Frameworks",
				);
				MARKETING_VERSION = 1.0;
				PRODUCT_BUNDLE_IDENTIFIER = "kr.ac.kumoh.s20191255.table-view";
				PRODUCT_NAME = "$(TARGET_NAME)";
				SWIFT_EMIT_LOC_STRINGS = YES;
				SWIFT_VERSION = 5.0;
				TARGETED_DEVICE_FAMILY = 1;
			};
			name = Debug;
		};
		495218C128D049CC003B3ECF /* Release */ = {
			isa = XCBuildConfiguration;
			buildSettings = {
				ASSETCATALOG_COMPILER_APPICON_NAME = AppIcon;
				ASSETCATALOG_COMPILER_GLOBAL_ACCENT_COLOR_NAME = AccentColor;
				CODE_SIGN_STYLE = Automatic;
				CURRENT_PROJECT_VERSION = 1;
				DEVELOPMENT_TEAM = X726R6A26M;
				GENERATE_INFOPLIST_FILE = YES;
				INFOPLIST_FILE = "table-view/Info.plist";
				INFOPLIST_KEY_UIApplicationSupportsIndirectInputEvents = YES;
				INFOPLIST_KEY_UILaunchStoryboardName = LaunchScreen;
				INFOPLIST_KEY_UIMainStoryboardFile = Main;
				INFOPLIST_KEY_UISupportedInterfaceOrientations_iPad = "UIInterfaceOrientationPortrait UIInterfaceOrientationPortraitUpsideDown UIInterfaceOrientationLandscapeLeft UIInterfaceOrientationLandscapeRight";
				INFOPLIST_KEY_UISupportedInterfaceOrientations_iPhone = "UIInterfaceOrientationPortrait UIInterfaceOrientationLandscapeLeft UIInterfaceOrientationLandscapeRight";
				IPHONEOS_DEPLOYMENT_TARGET = 13.0;
				LD_RUNPATH_SEARCH_PATHS = (
					"$(inherited)",
					"@executable_path/Frameworks",
				);
				MARKETING_VERSION = 1.0;
				PRODUCT_BUNDLE_IDENTIFIER = "kr.ac.kumoh.s20191255.table-view";
				PRODUCT_NAME = "$(TARGET_NAME)";
				SWIFT_EMIT_LOC_STRINGS = YES;
				SWIFT_VERSION = 5.0;
				TARGETED_DEVICE_FAMILY = 1;
			};
			name = Release;
		};
/* End XCBuildConfiguration section */

/* Begin XCConfigurationList section */
		495218A628D049CB003B3ECF /* Build configuration list for PBXProject "table-view" */ = {
			isa = XCConfigurationList;
			buildConfigurations = (
				495218BD28D049CC003B3ECF /* Debug */,
				495218BE28D049CC003B3ECF /* Release */,
			);
			defaultConfigurationIsVisible = 0;
			defaultConfigurationName = Release;
		};
		495218BF28D049CC003B3ECF /* Build configuration list for PBXNativeTarget "table-view" */ = {
			isa = XCConfigurationList;
			buildConfigurations = (
				495218C028D049CC003B3ECF /* Debug */,
				495218C128D049CC003B3ECF /* Release */,
			);
			defaultConfigurationIsVisible = 0;
			defaultConfigurationName = Release;
		};
/* End XCConfigurationList section */
	};
	rootObject = 495218A328D049CB003B3ECF /* Project object */;
}
