// !$*UTF8*$!
{
	archiveVersion = 1;
	classes = {
	};
	objectVersion = 56;
	objects = {

/* Begin PBXBuildFile section */
		498C3BE728D968F4004B36F7 /* AppDelegate.swift in Sources */ = {isa = PBXBuildFile; fileRef = 498C3BE628D968F4004B36F7 /* AppDelegate.swift */; };
		498C3BE928D968F4004B36F7 /* SceneDelegate.swift in Sources */ = {isa = PBXBuildFile; fileRef = 498C3BE828D968F4004B36F7 /* SceneDelegate.swift */; };
		498C3BEB28D968F4004B36F7 /* ViewController.swift in Sources */ = {isa = PBXBuildFile; fileRef = 498C3BEA28D968F4004B36F7 /* ViewController.swift */; };
		498C3BEE28D968F4004B36F7 /* Main.storyboard in Resources */ = {isa = PBXBuildFile; fileRef = 498C3BEC28D968F4004B36F7 /* Main.storyboard */; };
		498C3BF028D968F4004B36F7 /* Assets.xcassets in Resources */ = {isa = PBXBuildFile; fileRef = 498C3BEF28D968F4004B36F7 /* Assets.xcassets */; };
		498C3BF328D968F4004B36F7 /* LaunchScreen.storyboard in Resources */ = {isa = PBXBuildFile; fileRef = 498C3BF128D968F4004B36F7 /* LaunchScreen.storyboard */; };
		498C3BFF28D96B4A004B36F7 /* Constants.swift in Sources */ = {isa = PBXBuildFile; fileRef = 498C3BFE28D96B4A004B36F7 /* Constants.swift */; };
		498C3C0228D96C67004B36F7 /* MusicCell.swift in Sources */ = {isa = PBXBuildFile; fileRef = 498C3C0028D96C67004B36F7 /* MusicCell.swift */; };
		498C3C0328D96C67004B36F7 /* MusicCell.xib in Resources */ = {isa = PBXBuildFile; fileRef = 498C3C0128D96C67004B36F7 /* MusicCell.xib */; };
		498C3C0628D974FB004B36F7 /* NetworkManager.swift in Sources */ = {isa = PBXBuildFile; fileRef = 498C3C0528D974FB004B36F7 /* NetworkManager.swift */; };
		498C3C0828D97544004B36F7 /* Music.swift in Sources */ = {isa = PBXBuildFile; fileRef = 498C3C0728D97544004B36F7 /* Music.swift */; };
		498C3C0A28D990A9004B36F7 /* SearchResultViewController.swift in Sources */ = {isa = PBXBuildFile; fileRef = 498C3C0928D990A9004B36F7 /* SearchResultViewController.swift */; };
		498C3C0C28D99255004B36F7 /* MusicCollectionViewCell.swift in Sources */ = {isa = PBXBuildFile; fileRef = 498C3C0B28D99255004B36F7 /* MusicCollectionViewCell.swift */; };
/* End PBXBuildFile section */

/* Begin PBXFileReference section */
		498C3BE328D968F4004B36F7 /* music-app.app */ = {isa = PBXFileReference; explicitFileType = wrapper.application; includeInIndex = 0; path = "music-app.app"; sourceTree = BUILT_PRODUCTS_DIR; };
		498C3BE628D968F4004B36F7 /* AppDelegate.swift */ = {isa = PBXFileReference; lastKnownFileType = sourcecode.swift; path = AppDelegate.swift; sourceTree = "<group>"; };
		498C3BE828D968F4004B36F7 /* SceneDelegate.swift */ = {isa = PBXFileReference; lastKnownFileType = sourcecode.swift; path = SceneDelegate.swift; sourceTree = "<group>"; };
		498C3BEA28D968F4004B36F7 /* ViewController.swift */ = {isa = PBXFileReference; lastKnownFileType = sourcecode.swift; path = ViewController.swift; sourceTree = "<group>"; };
		498C3BED28D968F4004B36F7 /* Base */ = {isa = PBXFileReference; lastKnownFileType = file.storyboard; name = Base; path = Base.lproj/Main.storyboard; sourceTree = "<group>"; };
		498C3BEF28D968F4004B36F7 /* Assets.xcassets */ = {isa = PBXFileReference; lastKnownFileType = folder.assetcatalog; path = Assets.xcassets; sourceTree = "<group>"; };
		498C3BF228D968F4004B36F7 /* Base */ = {isa = PBXFileReference; lastKnownFileType = file.storyboard; name = Base; path = Base.lproj/LaunchScreen.storyboard; sourceTree = "<group>"; };
		498C3BF428D968F4004B36F7 /* Info.plist */ = {isa = PBXFileReference; lastKnownFileType = text.plist.xml; path = Info.plist; sourceTree = "<group>"; };
		498C3BFE28D96B4A004B36F7 /* Constants.swift */ = {isa = PBXFileReference; lastKnownFileType = sourcecode.swift; path = Constants.swift; sourceTree = "<group>"; };
		498C3C0028D96C67004B36F7 /* MusicCell.swift */ = {isa = PBXFileReference; lastKnownFileType = sourcecode.swift; path = MusicCell.swift; sourceTree = "<group>"; };
		498C3C0128D96C67004B36F7 /* MusicCell.xib */ = {isa = PBXFileReference; lastKnownFileType = file.xib; path = MusicCell.xib; sourceTree = "<group>"; };
		498C3C0528D974FB004B36F7 /* NetworkManager.swift */ = {isa = PBXFileReference; lastKnownFileType = sourcecode.swift; path = NetworkManager.swift; sourceTree = "<group>"; };
		498C3C0728D97544004B36F7 /* Music.swift */ = {isa = PBXFileReference; lastKnownFileType = sourcecode.swift; path = Music.swift; sourceTree = "<group>"; };
		498C3C0928D990A9004B36F7 /* SearchResultViewController.swift */ = {isa = PBXFileReference; lastKnownFileType = sourcecode.swift; path = SearchResultViewController.swift; sourceTree = "<group>"; };
		498C3C0B28D99255004B36F7 /* MusicCollectionViewCell.swift */ = {isa = PBXFileReference; lastKnownFileType = sourcecode.swift; path = MusicCollectionViewCell.swift; sourceTree = "<group>"; };
/* End PBXFileReference section */

/* Begin PBXFrameworksBuildPhase section */
		498C3BE028D968F4004B36F7 /* Frameworks */ = {
			isa = PBXFrameworksBuildPhase;
			buildActionMask = 2147483647;
			files = (
			);
			runOnlyForDeploymentPostprocessing = 0;
		};
/* End PBXFrameworksBuildPhase section */

/* Begin PBXGroup section */
		498C3BDA28D968F4004B36F7 = {
			isa = PBXGroup;
			children = (
				498C3BE528D968F4004B36F7 /* music-app */,
				498C3BE428D968F4004B36F7 /* Products */,
			);
			sourceTree = "<group>";
		};
		498C3BE428D968F4004B36F7 /* Products */ = {
			isa = PBXGroup;
			children = (
				498C3BE328D968F4004B36F7 /* music-app.app */,
			);
			name = Products;
			sourceTree = "<group>";
		};
		498C3BE528D968F4004B36F7 /* music-app */ = {
			isa = PBXGroup;
			children = (
				498C3BE628D968F4004B36F7 /* AppDelegate.swift */,
				498C3BE828D968F4004B36F7 /* SceneDelegate.swift */,
				498C3BFD28D96B38004B36F7 /* Helpers */,
				498C3C0428D974E5004B36F7 /* Networking */,
				498C3BFC28D9691E004B36F7 /* Models */,
				498C3BFB28D96917004B36F7 /* Views */,
				498C3BFA28D9690C004B36F7 /* Controllers */,
				498C3BEF28D968F4004B36F7 /* Assets.xcassets */,
				498C3BF128D968F4004B36F7 /* LaunchScreen.storyboard */,
				498C3BF428D968F4004B36F7 /* Info.plist */,
			);
			path = "music-app";
			sourceTree = "<group>";
		};
		498C3BFA28D9690C004B36F7 /* Controllers */ = {
			isa = PBXGroup;
			children = (
				498C3BEA28D968F4004B36F7 /* ViewController.swift */,
				498C3C0928D990A9004B36F7 /* SearchResultViewController.swift */,
			);
			path = Controllers;
			sourceTree = "<group>";
		};
		498C3BFB28D96917004B36F7 /* Views */ = {
			isa = PBXGroup;
			children = (
				498C3BEC28D968F4004B36F7 /* Main.storyboard */,
				498C3C0028D96C67004B36F7 /* MusicCell.swift */,
				498C3C0128D96C67004B36F7 /* MusicCell.xib */,
				498C3C0B28D99255004B36F7 /* MusicCollectionViewCell.swift */,
			);
			path = Views;
			sourceTree = "<group>";
		};
		498C3BFC28D9691E004B36F7 /* Models */ = {
			isa = PBXGroup;
			children = (
				498C3C0728D97544004B36F7 /* Music.swift */,
			);
			path = Models;
			sourceTree = "<group>";
		};
		498C3BFD28D96B38004B36F7 /* Helpers */ = {
			isa = PBXGroup;
			children = (
				498C3BFE28D96B4A004B36F7 /* Constants.swift */,
			);
			path = Helpers;
			sourceTree = "<group>";
		};
		498C3C0428D974E5004B36F7 /* Networking */ = {
			isa = PBXGroup;
			children = (
				498C3C0528D974FB004B36F7 /* NetworkManager.swift */,
			);
			path = Networking;
			sourceTree = "<group>";
		};
/* End PBXGroup section */

/* Begin PBXNativeTarget section */
		498C3BE228D968F4004B36F7 /* music-app */ = {
			isa = PBXNativeTarget;
			buildConfigurationList = 498C3BF728D968F4004B36F7 /* Build configuration list for PBXNativeTarget "music-app" */;
			buildPhases = (
				498C3BDF28D968F4004B36F7 /* Sources */,
				498C3BE028D968F4004B36F7 /* Frameworks */,
				498C3BE128D968F4004B36F7 /* Resources */,
			);
			buildRules = (
			);
			dependencies = (
			);
			name = "music-app";
			productName = "music-app";
			productReference = 498C3BE328D968F4004B36F7 /* music-app.app */;
			productType = "com.apple.product-type.application";
		};
/* End PBXNativeTarget section */

/* Begin PBXProject section */
		498C3BDB28D968F4004B36F7 /* Project object */ = {
			isa = PBXProject;
			attributes = {
				BuildIndependentTargetsInParallel = 1;
				LastSwiftUpdateCheck = 1400;
				LastUpgradeCheck = 1400;
				TargetAttributes = {
					498C3BE228D968F4004B36F7 = {
						CreatedOnToolsVersion = 14.0;
					};
				};
			};
			buildConfigurationList = 498C3BDE28D968F4004B36F7 /* Build configuration list for PBXProject "music-app" */;
			compatibilityVersion = "Xcode 14.0";
			developmentRegion = en;
			hasScannedForEncodings = 0;
			knownRegions = (
				en,
				Base,
			);
			mainGroup = 498C3BDA28D968F4004B36F7;
			productRefGroup = 498C3BE428D968F4004B36F7 /* Products */;
			projectDirPath = "";
			projectRoot = "";
			targets = (
				498C3BE228D968F4004B36F7 /* music-app */,
			);
		};
/* End PBXProject section */

/* Begin PBXResourcesBuildPhase section */
		498C3BE128D968F4004B36F7 /* Resources */ = {
			isa = PBXResourcesBuildPhase;
			buildActionMask = 2147483647;
			files = (
				498C3BF328D968F4004B36F7 /* LaunchScreen.storyboard in Resources */,
				498C3BF028D968F4004B36F7 /* Assets.xcassets in Resources */,
				498C3BEE28D968F4004B36F7 /* Main.storyboard in Resources */,
				498C3C0328D96C67004B36F7 /* MusicCell.xib in Resources */,
			);
			runOnlyForDeploymentPostprocessing = 0;
		};
/* End PBXResourcesBuildPhase section */

/* Begin PBXSourcesBuildPhase section */
		498C3BDF28D968F4004B36F7 /* Sources */ = {
			isa = PBXSourcesBuildPhase;
			buildActionMask = 2147483647;
			files = (
				498C3C0228D96C67004B36F7 /* MusicCell.swift in Sources */,
				498C3BEB28D968F4004B36F7 /* ViewController.swift in Sources */,
				498C3BE728D968F4004B36F7 /* AppDelegate.swift in Sources */,
				498C3C0628D974FB004B36F7 /* NetworkManager.swift in Sources */,
				498C3C0C28D99255004B36F7 /* MusicCollectionViewCell.swift in Sources */,
				498C3C0828D97544004B36F7 /* Music.swift in Sources */,
				498C3BE928D968F4004B36F7 /* SceneDelegate.swift in Sources */,
				498C3C0A28D990A9004B36F7 /* SearchResultViewController.swift in Sources */,
				498C3BFF28D96B4A004B36F7 /* Constants.swift in Sources */,
			);
			runOnlyForDeploymentPostprocessing = 0;
		};
/* End PBXSourcesBuildPhase section */

/* Begin PBXVariantGroup section */
		498C3BEC28D968F4004B36F7 /* Main.storyboard */ = {
			isa = PBXVariantGroup;
			children = (
				498C3BED28D968F4004B36F7 /* Base */,
			);
			name = Main.storyboard;
			sourceTree = "<group>";
		};
		498C3BF128D968F4004B36F7 /* LaunchScreen.storyboard */ = {
			isa = PBXVariantGroup;
			children = (
				498C3BF228D968F4004B36F7 /* Base */,
			);
			name = LaunchScreen.storyboard;
			sourceTree = "<group>";
		};
/* End PBXVariantGroup section */

/* Begin XCBuildConfiguration section */
		498C3BF528D968F4004B36F7 /* Debug */ = {
			isa = XCBuildConfiguration;
			buildSettings = {
				ALWAYS_SEARCH_USER_PATHS = NO;
				CLANG_ANALYZER_NONNULL = YES;
				CLANG_ANALYZER_NUMBER_OBJECT_CONVERSION = YES_AGGRESSIVE;
				CLANG_CXX_LANGUAGE_STANDARD = "gnu++20";
				CLANG_ENABLE_MODULES = YES;
				CLANG_ENABLE_OBJC_ARC = YES;
				CLANG_ENABLE_OBJC_WEAK = YES;
				CLANG_WARN_BLOCK_CAPTURE_AUTORELEASING = YES;
				CLANG_WARN_BOOL_CONVERSION = YES;
				CLANG_WARN_COMMA = YES;
				CLANG_WARN_CONSTANT_CONVERSION = YES;
				CLANG_WARN_DEPRECATED_OBJC_IMPLEMENTATIONS = YES;
				CLANG_WARN_DIRECT_OBJC_ISA_USAGE = YES_ERROR;
				CLANG_WARN_DOCUMENTATION_COMMENTS = YES;
				CLANG_WARN_EMPTY_BODY = YES;
				CLANG_WARN_ENUM_CONVERSION = YES;
				CLANG_WARN_INFINITE_RECURSION = YES;
				CLANG_WARN_INT_CONVERSION = YES;
				CLANG_WARN_NON_LITERAL_NULL_CONVERSION = YES;
				CLANG_WARN_OBJC_IMPLICIT_RETAIN_SELF = YES;
				CLANG_WARN_OBJC_LITERAL_CONVERSION = YES;
				CLANG_WARN_OBJC_ROOT_CLASS = YES_ERROR;
				CLANG_WARN_QUOTED_INCLUDE_IN_FRAMEWORK_HEADER = YES;
				CLANG_WARN_RANGE_LOOP_ANALYSIS = YES;
				CLANG_WARN_STRICT_PROTOTYPES = YES;
				CLANG_WARN_SUSPICIOUS_MOVE = YES;
				CLANG_WARN_UNGUARDED_AVAILABILITY = YES_AGGRESSIVE;
				CLANG_WARN_UNREACHABLE_CODE = YES;
				CLANG_WARN__DUPLICATE_METHOD_MATCH = YES;
				COPY_PHASE_STRIP = NO;
				DEBUG_INFORMATION_FORMAT = dwarf;
				ENABLE_STRICT_OBJC_MSGSEND = YES;
				ENABLE_TESTABILITY = YES;
				GCC_C_LANGUAGE_STANDARD = gnu11;
				GCC_DYNAMIC_NO_PIC = NO;
				GCC_NO_COMMON_BLOCKS = YES;
				GCC_OPTIMIZATION_LEVEL = 0;
				GCC_PREPROCESSOR_DEFINITIONS = (
					"DEBUG=1",
					"$(inherited)",
				);
				GCC_WARN_64_TO_32_BIT_CONVERSION = YES;
				GCC_WARN_ABOUT_RETURN_TYPE = YES_ERROR;
				GCC_WARN_UNDECLARED_SELECTOR = YES;
				GCC_WARN_UNINITIALIZED_AUTOS = YES_AGGRESSIVE;
				GCC_WARN_UNUSED_FUNCTION = YES;
				GCC_WARN_UNUSED_VARIABLE = YES;
				IPHONEOS_DEPLOYMENT_TARGET = 16.0;
				MTL_ENABLE_DEBUG_INFO = INCLUDE_SOURCE;
				MTL_FAST_MATH = YES;
				ONLY_ACTIVE_ARCH = YES;
				SDKROOT = iphoneos;
				SWIFT_ACTIVE_COMPILATION_CONDITIONS = DEBUG;
				SWIFT_OPTIMIZATION_LEVEL = "-Onone";
			};
			name = Debug;
		};
		498C3BF628D968F4004B36F7 /* Release */ = {
			isa = XCBuildConfiguration;
			buildSettings = {
				ALWAYS_SEARCH_USER_PATHS = NO;
				CLANG_ANALYZER_NONNULL = YES;
				CLANG_ANALYZER_NUMBER_OBJECT_CONVERSION = YES_AGGRESSIVE;
				CLANG_CXX_LANGUAGE_STANDARD = "gnu++20";
				CLANG_ENABLE_MODULES = YES;
				CLANG_ENABLE_OBJC_ARC = YES;
				CLANG_ENABLE_OBJC_WEAK = YES;
				CLANG_WARN_BLOCK_CAPTURE_AUTORELEASING = YES;
				CLANG_WARN_BOOL_CONVERSION = YES;
				CLANG_WARN_COMMA = YES;
				CLANG_WARN_CONSTANT_CONVERSION = YES;
				CLANG_WARN_DEPRECATED_OBJC_IMPLEMENTATIONS = YES;
				CLANG_WARN_DIRECT_OBJC_ISA_USAGE = YES_ERROR;
				CLANG_WARN_DOCUMENTATION_COMMENTS = YES;
				CLANG_WARN_EMPTY_BODY = YES;
				CLANG_WARN_ENUM_CONVERSION = YES;
				CLANG_WARN_INFINITE_RECURSION = YES;
				CLANG_WARN_INT_CONVERSION = YES;
				CLANG_WARN_NON_LITERAL_NULL_CONVERSION = YES;
				CLANG_WARN_OBJC_IMPLICIT_RETAIN_SELF = YES;
				CLANG_WARN_OBJC_LITERAL_CONVERSION = YES;
				CLANG_WARN_OBJC_ROOT_CLASS = YES_ERROR;
				CLANG_WARN_QUOTED_INCLUDE_IN_FRAMEWORK_HEADER = YES;
				CLANG_WARN_RANGE_LOOP_ANALYSIS = YES;
				CLANG_WARN_STRICT_PROTOTYPES = YES;
				CLANG_WARN_SUSPICIOUS_MOVE = YES;
				CLANG_WARN_UNGUARDED_AVAILABILITY = YES_AGGRESSIVE;
				CLANG_WARN_UNREACHABLE_CODE = YES;
				CLANG_WARN__DUPLICATE_METHOD_MATCH = YES;
				COPY_PHASE_STRIP = NO;
				DEBUG_INFORMATION_FORMAT = "dwarf-with-dsym";
				ENABLE_NS_ASSERTIONS = NO;
				ENABLE_STRICT_OBJC_MSGSEND = YES;
				GCC_C_LANGUAGE_STANDARD = gnu11;
				GCC_NO_COMMON_BLOCKS = YES;
				GCC_WARN_64_TO_32_BIT_CONVERSION = YES;
				GCC_WARN_ABOUT_RETURN_TYPE = YES_ERROR;
				GCC_WARN_UNDECLARED_SELECTOR = YES;
				GCC_WARN_UNINITIALIZED_AUTOS = YES_AGGRESSIVE;
				GCC_WARN_UNUSED_FUNCTION = YES;
				GCC_WARN_UNUSED_VARIABLE = YES;
				IPHONEOS_DEPLOYMENT_TARGET = 16.0;
				MTL_ENABLE_DEBUG_INFO = NO;
				MTL_FAST_MATH = YES;
				SDKROOT = iphoneos;
				SWIFT_COMPILATION_MODE = wholemodule;
				SWIFT_OPTIMIZATION_LEVEL = "-O";
				VALIDATE_PRODUCT = YES;
			};
			name = Release;
		};
		498C3BF828D968F4004B36F7 /* Debug */ = {
			isa = XCBuildConfiguration;
			buildSettings = {
				ASSETCATALOG_COMPILER_APPICON_NAME = AppIcon;
				ASSETCATALOG_COMPILER_GLOBAL_ACCENT_COLOR_NAME = AccentColor;
				CODE_SIGN_STYLE = Automatic;
				CURRENT_PROJECT_VERSION = 1;
				DEVELOPMENT_TEAM = X726R6A26M;
				GENERATE_INFOPLIST_FILE = YES;
				INFOPLIST_FILE = "music-app/Info.plist";
				INFOPLIST_KEY_UIApplicationSupportsIndirectInputEvents = YES;
				INFOPLIST_KEY_UILaunchStoryboardName = LaunchScreen;
				INFOPLIST_KEY_UIMainStoryboardFile = Main;
				INFOPLIST_KEY_UISupportedInterfaceOrientations_iPad = "UIInterfaceOrientationPortrait UIInterfaceOrientationPortraitUpsideDown UIInterfaceOrientationLandscapeLeft UIInterfaceOrientationLandscapeRight";
				INFOPLIST_KEY_UISupportedInterfaceOrientations_iPhone = "UIInterfaceOrientationPortrait UIInterfaceOrientationLandscapeLeft UIInterfaceOrientationLandscapeRight";
				IPHONEOS_DEPLOYMENT_TARGET = 15.0;
				LD_RUNPATH_SEARCH_PATHS = (
					"$(inherited)",
					"@executable_path/Frameworks",
				);
				MARKETING_VERSION = 1.0;
				PRODUCT_BUNDLE_IDENTIFIER = "kr.ac.kumoh.s20191255.music-app";
				PRODUCT_NAME = "$(TARGET_NAME)";
				SUPPORTED_PLATFORMS = "iphoneos iphonesimulator";
				SUPPORTS_MACCATALYST = NO;
				SUPPORTS_MAC_DESIGNED_FOR_IPHONE_IPAD = NO;
				SWIFT_EMIT_LOC_STRINGS = YES;
				SWIFT_VERSION = 5.0;
				TARGETED_DEVICE_FAMILY = 1;
			};
			name = Debug;
		};
		498C3BF928D968F4004B36F7 /* Release */ = {
			isa = XCBuildConfiguration;
			buildSettings = {
				ASSETCATALOG_COMPILER_APPICON_NAME = AppIcon;
				ASSETCATALOG_COMPILER_GLOBAL_ACCENT_COLOR_NAME = AccentColor;
				CODE_SIGN_STYLE = Automatic;
				CURRENT_PROJECT_VERSION = 1;
				DEVELOPMENT_TEAM = X726R6A26M;
				GENERATE_INFOPLIST_FILE = YES;
				INFOPLIST_FILE = "music-app/Info.plist";
				INFOPLIST_KEY_UIApplicationSupportsIndirectInputEvents = YES;
				INFOPLIST_KEY_UILaunchStoryboardName = LaunchScreen;
				INFOPLIST_KEY_UIMainStoryboardFile = Main;
				INFOPLIST_KEY_UISupportedInterfaceOrientations_iPad = "UIInterfaceOrientationPortrait UIInterfaceOrientationPortraitUpsideDown UIInterfaceOrientationLandscapeLeft UIInterfaceOrientationLandscapeRight";
				INFOPLIST_KEY_UISupportedInterfaceOrientations_iPhone = "UIInterfaceOrientationPortrait UIInterfaceOrientationLandscapeLeft UIInterfaceOrientationLandscapeRight";
				IPHONEOS_DEPLOYMENT_TARGET = 15.0;
				LD_RUNPATH_SEARCH_PATHS = (
					"$(inherited)",
					"@executable_path/Frameworks",
				);
				MARKETING_VERSION = 1.0;
				PRODUCT_BUNDLE_IDENTIFIER = "kr.ac.kumoh.s20191255.music-app";
				PRODUCT_NAME = "$(TARGET_NAME)";
				SUPPORTED_PLATFORMS = "iphoneos iphonesimulator";
				SUPPORTS_MACCATALYST = NO;
				SUPPORTS_MAC_DESIGNED_FOR_IPHONE_IPAD = NO;
				SWIFT_EMIT_LOC_STRINGS = YES;
				SWIFT_VERSION = 5.0;
				TARGETED_DEVICE_FAMILY = 1;
			};
			name = Release;
		};
/* End XCBuildConfiguration section */

/* Begin XCConfigurationList section */
		498C3BDE28D968F4004B36F7 /* Build configuration list for PBXProject "music-app" */ = {
			isa = XCConfigurationList;
			buildConfigurations = (
				498C3BF528D968F4004B36F7 /* Debug */,
				498C3BF628D968F4004B36F7 /* Release */,
			);
			defaultConfigurationIsVisible = 0;
			defaultConfigurationName = Release;
		};
		498C3BF728D968F4004B36F7 /* Build configuration list for PBXNativeTarget "music-app" */ = {
			isa = XCConfigurationList;
			buildConfigurations = (
				498C3BF828D968F4004B36F7 /* Debug */,
				498C3BF928D968F4004B36F7 /* Release */,
			);
			defaultConfigurationIsVisible = 0;
			defaultConfigurationName = Release;
		};
/* End XCConfigurationList section */
	};
	rootObject = 498C3BDB28D968F4004B36F7 /* Project object */;
}
