// !$*UTF8*$!
{
	archiveVersion = 1;
	classes = {
	};
	objectVersion = 56;
	objects = {

/* Begin PBXBuildFile section */
		4966544428D17DA1003E0C6C /* AppDelegate.swift in Sources */ = {isa = PBXBuildFile; fileRef = 4966544328D17DA1003E0C6C /* AppDelegate.swift */; };
		4966544628D17DA1003E0C6C /* SceneDelegate.swift in Sources */ = {isa = PBXBuildFile; fileRef = 4966544528D17DA1003E0C6C /* SceneDelegate.swift */; };
		4966544828D17DA1003E0C6C /* ViewController.swift in Sources */ = {isa = PBXBuildFile; fileRef = 4966544728D17DA1003E0C6C /* ViewController.swift */; };
		4966544B28D17DA1003E0C6C /* Main.storyboard in Resources */ = {isa = PBXBuildFile; fileRef = 4966544928D17DA1003E0C6C /* Main.storyboard */; };
		4966544D28D17DA1003E0C6C /* Assets.xcassets in Resources */ = {isa = PBXBuildFile; fileRef = 4966544C28D17DA1003E0C6C /* Assets.xcassets */; };
		4966545028D17DA2003E0C6C /* LaunchScreen.storyboard in Resources */ = {isa = PBXBuildFile; fileRef = 4966544E28D17DA2003E0C6C /* LaunchScreen.storyboard */; };
		4966545B28D18AB5003E0C6C /* Member.swift in Sources */ = {isa = PBXBuildFile; fileRef = 4966545A28D18AB5003E0C6C /* Member.swift */; };
		4966545D28D1912F003E0C6C /* MemberListManager.swift in Sources */ = {isa = PBXBuildFile; fileRef = 4966545C28D1912F003E0C6C /* MemberListManager.swift */; };
		4966545F28D19488003E0C6C /* MemberCell.swift in Sources */ = {isa = PBXBuildFile; fileRef = 4966545E28D19488003E0C6C /* MemberCell.swift */; };
		4966546128D1A5D1003E0C6C /* DetailViewController.swift in Sources */ = {isa = PBXBuildFile; fileRef = 4966546028D1A5D1003E0C6C /* DetailViewController.swift */; };
		4966546328D1A613003E0C6C /* DetailView.swift in Sources */ = {isa = PBXBuildFile; fileRef = 4966546228D1A613003E0C6C /* DetailView.swift */; };
/* End PBXBuildFile section */

/* Begin PBXFileReference section */
		4966544028D17DA1003E0C6C /* member-list.app */ = {isa = PBXFileReference; explicitFileType = wrapper.application; includeInIndex = 0; path = "member-list.app"; sourceTree = BUILT_PRODUCTS_DIR; };
		4966544328D17DA1003E0C6C /* AppDelegate.swift */ = {isa = PBXFileReference; lastKnownFileType = sourcecode.swift; path = AppDelegate.swift; sourceTree = "<group>"; };
		4966544528D17DA1003E0C6C /* SceneDelegate.swift */ = {isa = PBXFileReference; lastKnownFileType = sourcecode.swift; path = SceneDelegate.swift; sourceTree = "<group>"; };
		4966544728D17DA1003E0C6C /* ViewController.swift */ = {isa = PBXFileReference; lastKnownFileType = sourcecode.swift; path = ViewController.swift; sourceTree = "<group>"; };
		4966544A28D17DA1003E0C6C /* Base */ = {isa = PBXFileReference; lastKnownFileType = file.storyboard; name = Base; path = Base.lproj/Main.storyboard; sourceTree = "<group>"; };
		4966544C28D17DA1003E0C6C /* Assets.xcassets */ = {isa = PBXFileReference; lastKnownFileType = folder.assetcatalog; path = Assets.xcassets; sourceTree = "<group>"; };
		4966544F28D17DA2003E0C6C /* Base */ = {isa = PBXFileReference; lastKnownFileType = file.storyboard; name = Base; path = Base.lproj/LaunchScreen.storyboard; sourceTree = "<group>"; };
		4966545128D17DA2003E0C6C /* Info.plist */ = {isa = PBXFileReference; lastKnownFileType = text.plist.xml; path = Info.plist; sourceTree = "<group>"; };
		4966545A28D18AB5003E0C6C /* Member.swift */ = {isa = PBXFileReference; lastKnownFileType = sourcecode.swift; path = Member.swift; sourceTree = "<group>"; };
		4966545C28D1912F003E0C6C /* MemberListManager.swift */ = {isa = PBXFileReference; lastKnownFileType = sourcecode.swift; path = MemberListManager.swift; sourceTree = "<group>"; };
		4966545E28D19488003E0C6C /* MemberCell.swift */ = {isa = PBXFileReference; lastKnownFileType = sourcecode.swift; path = MemberCell.swift; sourceTree = "<group>"; };
		4966546028D1A5D1003E0C6C /* DetailViewController.swift */ = {isa = PBXFileReference; lastKnownFileType = sourcecode.swift; path = DetailViewController.swift; sourceTree = "<group>"; };
		4966546228D1A613003E0C6C /* DetailView.swift */ = {isa = PBXFileReference; lastKnownFileType = sourcecode.swift; path = DetailView.swift; sourceTree = "<group>"; };
/* End PBXFileReference section */

/* Begin PBXFrameworksBuildPhase section */
		4966543D28D17DA1003E0C6C /* Frameworks */ = {
			isa = PBXFrameworksBuildPhase;
			buildActionMask = 2147483647;
			files = (
			);
			runOnlyForDeploymentPostprocessing = 0;
		};
/* End PBXFrameworksBuildPhase section */

/* Begin PBXGroup section */
		4966543728D17DA1003E0C6C = {
			isa = PBXGroup;
			children = (
				4966544228D17DA1003E0C6C /* member-list */,
				4966544128D17DA1003E0C6C /* Products */,
			);
			sourceTree = "<group>";
		};
		4966544128D17DA1003E0C6C /* Products */ = {
			isa = PBXGroup;
			children = (
				4966544028D17DA1003E0C6C /* member-list.app */,
			);
			name = Products;
			sourceTree = "<group>";
		};
		4966544228D17DA1003E0C6C /* member-list */ = {
			isa = PBXGroup;
			children = (
				4966544328D17DA1003E0C6C /* AppDelegate.swift */,
				4966544528D17DA1003E0C6C /* SceneDelegate.swift */,
				4966545928D18636003E0C6C /* Models */,
				4966545828D18632003E0C6C /* Views */,
				4966545728D1862C003E0C6C /* Controllers */,
				4966544C28D17DA1003E0C6C /* Assets.xcassets */,
				4966544E28D17DA2003E0C6C /* LaunchScreen.storyboard */,
				4966545128D17DA2003E0C6C /* Info.plist */,
			);
			path = "member-list";
			sourceTree = "<group>";
		};
		4966545728D1862C003E0C6C /* Controllers */ = {
			isa = PBXGroup;
			children = (
				4966544728D17DA1003E0C6C /* ViewController.swift */,
				4966546028D1A5D1003E0C6C /* DetailViewController.swift */,
			);
			path = Controllers;
			sourceTree = "<group>";
		};
		4966545828D18632003E0C6C /* Views */ = {
			isa = PBXGroup;
			children = (
				4966544928D17DA1003E0C6C /* Main.storyboard */,
				4966546228D1A613003E0C6C /* DetailView.swift */,
				4966545E28D19488003E0C6C /* MemberCell.swift */,
			);
			path = Views;
			sourceTree = "<group>";
		};
		4966545928D18636003E0C6C /* Models */ = {
			isa = PBXGroup;
			children = (
				4966545A28D18AB5003E0C6C /* Member.swift */,
				4966545C28D1912F003E0C6C /* MemberListManager.swift */,
			);
			path = Models;
			sourceTree = "<group>";
		};
/* End PBXGroup section */

/* Begin PBXNativeTarget section */
		4966543F28D17DA1003E0C6C /* member-list */ = {
			isa = PBXNativeTarget;
			buildConfigurationList = 4966545428D17DA2003E0C6C /* Build configuration list for PBXNativeTarget "member-list" */;
			buildPhases = (
				4966543C28D17DA1003E0C6C /* Sources */,
				4966543D28D17DA1003E0C6C /* Frameworks */,
				4966543E28D17DA1003E0C6C /* Resources */,
			);
			buildRules = (
			);
			dependencies = (
			);
			name = "member-list";
			productName = "member-list";
			productReference = 4966544028D17DA1003E0C6C /* member-list.app */;
			productType = "com.apple.product-type.application";
		};
/* End PBXNativeTarget section */

/* Begin PBXProject section */
		4966543828D17DA1003E0C6C /* Project object */ = {
			isa = PBXProject;
			attributes = {
				BuildIndependentTargetsInParallel = 1;
				LastSwiftUpdateCheck = 1400;
				LastUpgradeCheck = 1400;
				TargetAttributes = {
					4966543F28D17DA1003E0C6C = {
						CreatedOnToolsVersion = 14.0;
					};
				};
			};
			buildConfigurationList = 4966543B28D17DA1003E0C6C /* Build configuration list for PBXProject "member-list" */;
			compatibilityVersion = "Xcode 14.0";
			developmentRegion = en;
			hasScannedForEncodings = 0;
			knownRegions = (
				en,
				Base,
			);
			mainGroup = 4966543728D17DA1003E0C6C;
			productRefGroup = 4966544128D17DA1003E0C6C /* Products */;
			projectDirPath = "";
			projectRoot = "";
			targets = (
				4966543F28D17DA1003E0C6C /* member-list */,
			);
		};
/* End PBXProject section */

/* Begin PBXResourcesBuildPhase section */
		4966543E28D17DA1003E0C6C /* Resources */ = {
			isa = PBXResourcesBuildPhase;
			buildActionMask = 2147483647;
			files = (
				4966545028D17DA2003E0C6C /* LaunchScreen.storyboard in Resources */,
				4966544D28D17DA1003E0C6C /* Assets.xcassets in Resources */,
				4966544B28D17DA1003E0C6C /* Main.storyboard in Resources */,
			);
			runOnlyForDeploymentPostprocessing = 0;
		};
/* End PBXResourcesBuildPhase section */

/* Begin PBXSourcesBuildPhase section */
		4966543C28D17DA1003E0C6C /* Sources */ = {
			isa = PBXSourcesBuildPhase;
			buildActionMask = 2147483647;
			files = (
				4966545D28D1912F003E0C6C /* MemberListManager.swift in Sources */,
				4966546328D1A613003E0C6C /* DetailView.swift in Sources */,
				4966545F28D19488003E0C6C /* MemberCell.swift in Sources */,
				4966544828D17DA1003E0C6C /* ViewController.swift in Sources */,
				4966544428D17DA1003E0C6C /* AppDelegate.swift in Sources */,
				4966544628D17DA1003E0C6C /* SceneDelegate.swift in Sources */,
				4966545B28D18AB5003E0C6C /* Member.swift in Sources */,
				4966546128D1A5D1003E0C6C /* DetailViewController.swift in Sources */,
			);
			runOnlyForDeploymentPostprocessing = 0;
		};
/* End PBXSourcesBuildPhase section */

/* Begin PBXVariantGroup section */
		4966544928D17DA1003E0C6C /* Main.storyboard */ = {
			isa = PBXVariantGroup;
			children = (
				4966544A28D17DA1003E0C6C /* Base */,
			);
			name = Main.storyboard;
			sourceTree = "<group>";
		};
		4966544E28D17DA2003E0C6C /* LaunchScreen.storyboard */ = {
			isa = PBXVariantGroup;
			children = (
				4966544F28D17DA2003E0C6C /* Base */,
			);
			name = LaunchScreen.storyboard;
			sourceTree = "<group>";
		};
/* End PBXVariantGroup section */

/* Begin XCBuildConfiguration section */
		4966545228D17DA2003E0C6C /* Debug */ = {
			isa = XCBuildConfiguration;
			buildSettings = {
				ALWAYS_SEARCH_USER_PATHS = NO;
				CLANG_ANALYZER_NONNULL = YES;
				CLANG_ANALYZER_NUMBER_OBJECT_CONVERSION = YES_AGGRESSIVE;
				CLANG_CXX_LANGUAGE_STANDARD = "gnu++20";
				CLANG_ENABLE_MODULES = YES;
				CLANG_ENABLE_OBJC_ARC = YES;
				CLANG_ENABLE_OBJC_WEAK = YES;
				CLANG_WARN_BLOCK_CAPTURE_AUTORELEASING = YES;
				CLANG_WARN_BOOL_CONVERSION = YES;
				CLANG_WARN_COMMA = YES;
				CLANG_WARN_CONSTANT_CONVERSION = YES;
				CLANG_WARN_DEPRECATED_OBJC_IMPLEMENTATIONS = YES;
				CLANG_WARN_DIRECT_OBJC_ISA_USAGE = YES_ERROR;
				CLANG_WARN_DOCUMENTATION_COMMENTS = YES;
				CLANG_WARN_EMPTY_BODY = YES;
				CLANG_WARN_ENUM_CONVERSION = YES;
				CLANG_WARN_INFINITE_RECURSION = YES;
				CLANG_WARN_INT_CONVERSION = YES;
				CLANG_WARN_NON_LITERAL_NULL_CONVERSION = YES;
				CLANG_WARN_OBJC_IMPLICIT_RETAIN_SELF = YES;
				CLANG_WARN_OBJC_LITERAL_CONVERSION = YES;
				CLANG_WARN_OBJC_ROOT_CLASS = YES_ERROR;
				CLANG_WARN_QUOTED_INCLUDE_IN_FRAMEWORK_HEADER = YES;
				CLANG_WARN_RANGE_LOOP_ANALYSIS = YES;
				CLANG_WARN_STRICT_PROTOTYPES = YES;
				CLANG_WARN_SUSPICIOUS_MOVE = YES;
				CLANG_WARN_UNGUARDED_AVAILABILITY = YES_AGGRESSIVE;
				CLANG_WARN_UNREACHABLE_CODE = YES;
				CLANG_WARN__DUPLICATE_METHOD_MATCH = YES;
				COPY_PHASE_STRIP = NO;
				DEBUG_INFORMATION_FORMAT = dwarf;
				ENABLE_STRICT_OBJC_MSGSEND = YES;
				ENABLE_TESTABILITY = YES;
				GCC_C_LANGUAGE_STANDARD = gnu11;
				GCC_DYNAMIC_NO_PIC = NO;
				GCC_NO_COMMON_BLOCKS = YES;
				GCC_OPTIMIZATION_LEVEL = 0;
				GCC_PREPROCESSOR_DEFINITIONS = (
					"DEBUG=1",
					"$(inherited)",
				);
				GCC_WARN_64_TO_32_BIT_CONVERSION = YES;
				GCC_WARN_ABOUT_RETURN_TYPE = YES_ERROR;
				GCC_WARN_UNDECLARED_SELECTOR = YES;
				GCC_WARN_UNINITIALIZED_AUTOS = YES_AGGRESSIVE;
				GCC_WARN_UNUSED_FUNCTION = YES;
				GCC_WARN_UNUSED_VARIABLE = YES;
				IPHONEOS_DEPLOYMENT_TARGET = 16.0;
				MTL_ENABLE_DEBUG_INFO = INCLUDE_SOURCE;
				MTL_FAST_MATH = YES;
				ONLY_ACTIVE_ARCH = YES;
				SDKROOT = iphoneos;
				SWIFT_ACTIVE_COMPILATION_CONDITIONS = DEBUG;
				SWIFT_OPTIMIZATION_LEVEL = "-Onone";
			};
			name = Debug;
		};
		4966545328D17DA2003E0C6C /* Release */ = {
			isa = XCBuildConfiguration;
			buildSettings = {
				ALWAYS_SEARCH_USER_PATHS = NO;
				CLANG_ANALYZER_NONNULL = YES;
				CLANG_ANALYZER_NUMBER_OBJECT_CONVERSION = YES_AGGRESSIVE;
				CLANG_CXX_LANGUAGE_STANDARD = "gnu++20";
				CLANG_ENABLE_MODULES = YES;
				CLANG_ENABLE_OBJC_ARC = YES;
				CLANG_ENABLE_OBJC_WEAK = YES;
				CLANG_WARN_BLOCK_CAPTURE_AUTORELEASING = YES;
				CLANG_WARN_BOOL_CONVERSION = YES;
				CLANG_WARN_COMMA = YES;
				CLANG_WARN_CONSTANT_CONVERSION = YES;
				CLANG_WARN_DEPRECATED_OBJC_IMPLEMENTATIONS = YES;
				CLANG_WARN_DIRECT_OBJC_ISA_USAGE = YES_ERROR;
				CLANG_WARN_DOCUMENTATION_COMMENTS = YES;
				CLANG_WARN_EMPTY_BODY = YES;
				CLANG_WARN_ENUM_CONVERSION = YES;
				CLANG_WARN_INFINITE_RECURSION = YES;
				CLANG_WARN_INT_CONVERSION = YES;
				CLANG_WARN_NON_LITERAL_NULL_CONVERSION = YES;
				CLANG_WARN_OBJC_IMPLICIT_RETAIN_SELF = YES;
				CLANG_WARN_OBJC_LITERAL_CONVERSION = YES;
				CLANG_WARN_OBJC_ROOT_CLASS = YES_ERROR;
				CLANG_WARN_QUOTED_INCLUDE_IN_FRAMEWORK_HEADER = YES;
				CLANG_WARN_RANGE_LOOP_ANALYSIS = YES;
				CLANG_WARN_STRICT_PROTOTYPES = YES;
				CLANG_WARN_SUSPICIOUS_MOVE = YES;
				CLANG_WARN_UNGUARDED_AVAILABILITY = YES_AGGRESSIVE;
				CLANG_WARN_UNREACHABLE_CODE = YES;
				CLANG_WARN__DUPLICATE_METHOD_MATCH = YES;
				COPY_PHASE_STRIP = NO;
				DEBUG_INFORMATION_FORMAT = "dwarf-with-dsym";
				ENABLE_NS_ASSERTIONS = NO;
				ENABLE_STRICT_OBJC_MSGSEND = YES;
				GCC_C_LANGUAGE_STANDARD = gnu11;
				GCC_NO_COMMON_BLOCKS = YES;
				GCC_WARN_64_TO_32_BIT_CONVERSION = YES;
				GCC_WARN_ABOUT_RETURN_TYPE = YES_ERROR;
				GCC_WARN_UNDECLARED_SELECTOR = YES;
				GCC_WARN_UNINITIALIZED_AUTOS = YES_AGGRESSIVE;
				GCC_WARN_UNUSED_FUNCTION = YES;
				GCC_WARN_UNUSED_VARIABLE = YES;
				IPHONEOS_DEPLOYMENT_TARGET = 16.0;
				MTL_ENABLE_DEBUG_INFO = NO;
				MTL_FAST_MATH = YES;
				SDKROOT = iphoneos;
				SWIFT_COMPILATION_MODE = wholemodule;
				SWIFT_OPTIMIZATION_LEVEL = "-O";
				VALIDATE_PRODUCT = YES;
			};
			name = Release;
		};
		4966545528D17DA2003E0C6C /* Debug */ = {
			isa = XCBuildConfiguration;
			buildSettings = {
				ASSETCATALOG_COMPILER_APPICON_NAME = AppIcon;
				ASSETCATALOG_COMPILER_GLOBAL_ACCENT_COLOR_NAME = AccentColor;
				CODE_SIGN_STYLE = Automatic;
				CURRENT_PROJECT_VERSION = 1;
				DEVELOPMENT_TEAM = X726R6A26M;
				GENERATE_INFOPLIST_FILE = YES;
				INFOPLIST_FILE = "member-list/Info.plist";
				INFOPLIST_KEY_UIApplicationSupportsIndirectInputEvents = YES;
				INFOPLIST_KEY_UILaunchStoryboardName = LaunchScreen;
				INFOPLIST_KEY_UIMainStoryboardFile = Main;
				INFOPLIST_KEY_UISupportedInterfaceOrientations_iPad = "UIInterfaceOrientationPortrait UIInterfaceOrientationPortraitUpsideDown UIInterfaceOrientationLandscapeLeft UIInterfaceOrientationLandscapeRight";
				INFOPLIST_KEY_UISupportedInterfaceOrientations_iPhone = "UIInterfaceOrientationPortrait UIInterfaceOrientationLandscapeLeft UIInterfaceOrientationLandscapeRight";
				IPHONEOS_DEPLOYMENT_TARGET = 14.0;
				LD_RUNPATH_SEARCH_PATHS = (
					"$(inherited)",
					"@executable_path/Frameworks",
				);
				MARKETING_VERSION = 1.0;
				PRODUCT_BUNDLE_IDENTIFIER = "kr.ac.kumoh.s20191255.member-list";
				PRODUCT_NAME = "$(TARGET_NAME)";
				SWIFT_EMIT_LOC_STRINGS = YES;
				SWIFT_VERSION = 5.0;
				TARGETED_DEVICE_FAMILY = "1,2";
			};
			name = Debug;
		};
		4966545628D17DA2003E0C6C /* Release */ = {
			isa = XCBuildConfiguration;
			buildSettings = {
				ASSETCATALOG_COMPILER_APPICON_NAME = AppIcon;
				ASSETCATALOG_COMPILER_GLOBAL_ACCENT_COLOR_NAME = AccentColor;
				CODE_SIGN_STYLE = Automatic;
				CURRENT_PROJECT_VERSION = 1;
				DEVELOPMENT_TEAM = X726R6A26M;
				GENERATE_INFOPLIST_FILE = YES;
				INFOPLIST_FILE = "member-list/Info.plist";
				INFOPLIST_KEY_UIApplicationSupportsIndirectInputEvents = YES;
				INFOPLIST_KEY_UILaunchStoryboardName = LaunchScreen;
				INFOPLIST_KEY_UIMainStoryboardFile = Main;
				INFOPLIST_KEY_UISupportedInterfaceOrientations_iPad = "UIInterfaceOrientationPortrait UIInterfaceOrientationPortraitUpsideDown UIInterfaceOrientationLandscapeLeft UIInterfaceOrientationLandscapeRight";
				INFOPLIST_KEY_UISupportedInterfaceOrientations_iPhone = "UIInterfaceOrientationPortrait UIInterfaceOrientationLandscapeLeft UIInterfaceOrientationLandscapeRight";
				IPHONEOS_DEPLOYMENT_TARGET = 14.0;
				LD_RUNPATH_SEARCH_PATHS = (
					"$(inherited)",
					"@executable_path/Frameworks",
				);
				MARKETING_VERSION = 1.0;
				PRODUCT_BUNDLE_IDENTIFIER = "kr.ac.kumoh.s20191255.member-list";
				PRODUCT_NAME = "$(TARGET_NAME)";
				SWIFT_EMIT_LOC_STRINGS = YES;
				SWIFT_VERSION = 5.0;
				TARGETED_DEVICE_FAMILY = "1,2";
			};
			name = Release;
		};
/* End XCBuildConfiguration section */

/* Begin XCConfigurationList section */
		4966543B28D17DA1003E0C6C /* Build configuration list for PBXProject "member-list" */ = {
			isa = XCConfigurationList;
			buildConfigurations = (
				4966545228D17DA2003E0C6C /* Debug */,
				4966545328D17DA2003E0C6C /* Release */,
			);
			defaultConfigurationIsVisible = 0;
			defaultConfigurationName = Release;
		};
		4966545428D17DA2003E0C6C /* Build configuration list for PBXNativeTarget "member-list" */ = {
			isa = XCConfigurationList;
			buildConfigurations = (
				4966545528D17DA2003E0C6C /* Debug */,
				4966545628D17DA2003E0C6C /* Release */,
			);
			defaultConfigurationIsVisible = 0;
			defaultConfigurationName = Release;
		};
/* End XCConfigurationList section */
	};
	rootObject = 4966543828D17DA1003E0C6C /* Project object */;
}
